
Microsoft Visual Studio Solution File, Format Version 12.00
# Visual Studio Version 16
VisualStudioVersion = 16.0.29709.97
MinimumVisualStudioVersion = 10.0.40219.1
Project("{FAE04EC0-301F-11D3-BF4B-00C04F79EFBC}") = "test_tap", "test_tap\test_tap.csproj", "{44D9E9F1-926A-470B-B08C-67A3CC3168BC}"
EndProject
Global
	GlobalSection(SolutionConfigurationPlatforms) = preSolution
		Debug|Any CPU = Debug|Any CPU
		Release|Any CPU = Release|Any CPU
	EndGlobalSection
	GlobalSection(ProjectConfigurationPlatforms) = postSolution
		{44D9E9F1-926A-470B-B08C-67A3CC3168BC}.Debug|Any CPU.ActiveCfg = Debug|Any CPU
		{44D9E9F1-926A-470B-B08C-67A3CC3168BC}.Debug|Any CPU.Build.0 = Debug|Any CPU
		{44D9E9F1-926A-470B-B08C-67A3CC3168BC}.Release|Any CPU.ActiveCfg = Release|Any CPU
		{44D9E9F1-926A-470B-B08C-67A3CC3168BC}.Release|Any CPU.Build.0 = Release|Any CPU
	EndGlobalSection
	GlobalSection(SolutionProperties) = preSolution
		HideSolutionNode = FALSE
	EndGlobalSection
	GlobalSection(ExtensibilityGlobals) = postSolution
		SolutionGuid = {9A372601-AF50-4D9F-9A9A-42B2C97FED89}
	EndGlobalSection
EndGlobal
